// !$*UTF8*$!
{
	archiveVersion = 1;
	classes = {
	};
	objectVersion = 46;
	objects = {

/* Begin PBXBuildFile section */
		8004CBBC1E3A947E00124DF6 /* CustomSearch.swift in Sources */ = {isa = PBXBuildFile; fileRef = 8004CBBB1E3A947E00124DF6 /* CustomSearch.swift */; };
		8004CBBE1E3D81A000124DF6 /* WristbandViewController.swift in Sources */ = {isa = PBXBuildFile; fileRef = 8004CBBD1E3D81A000124DF6 /* WristbandViewController.swift */; };
		8004CBC01E3E60BD00124DF6 /* WristbandView.swift in Sources */ = {isa = PBXBuildFile; fileRef = 8004CBBF1E3E60BD00124DF6 /* WristbandView.swift */; };
		8004CBC21E3EA41700124DF6 /* PatientRepositoryLocal.swift in Sources */ = {isa = PBXBuildFile; fileRef = 8004CBC11E3EA41700124DF6 /* PatientRepositoryLocal.swift */; };
		8004CBF31E3EA5A200124DF6 /* SQLite.framework in Frameworks */ = {isa = PBXBuildFile; fileRef = 8004CBE61E3EA57800124DF6 /* SQLite.framework */; };
		8004CBF91E3EEB9D00124DF6 /* SQLite.framework in Frameworks */ = {isa = PBXBuildFile; fileRef = 8004CBE61E3EA57800124DF6 /* SQLite.framework */; };
		8004CBFA1E3EEB9D00124DF6 /* SQLite.framework in Embed Frameworks */ = {isa = PBXBuildFile; fileRef = 8004CBE61E3EA57800124DF6 /* SQLite.framework */; settings = {ATTRIBUTES = (CodeSignOnCopy, RemoveHeadersOnCopy, ); }; };
		800960CB1E36C07A0095B16D /* IntroViewController.swift in Sources */ = {isa = PBXBuildFile; fileRef = 800960CA1E36C07A0095B16D /* IntroViewController.swift */; };
		800960CD1E36C6D10095B16D /* SplitViewController.swift in Sources */ = {isa = PBXBuildFile; fileRef = 800960CC1E36C6D10095B16D /* SplitViewController.swift */; };
		800960CF1E36D0830095B16D /* LargeLogoScene.sks in Resources */ = {isa = PBXBuildFile; fileRef = 800960CE1E36D0830095B16D /* LargeLogoScene.sks */; };
		8018A16B1DB5AC0B00FEA993 /* PatientAttributeSettings.swift in Sources */ = {isa = PBXBuildFile; fileRef = 8018A16A1DB5AC0B00FEA993 /* PatientAttributeSettings.swift */; };
		8018A16D1DB5B03300FEA993 /* patient-attributes.json in Resources */ = {isa = PBXBuildFile; fileRef = 8018A16C1DB5B03300FEA993 /* patient-attributes.json */; };
		8018A16F1DB5C9B300FEA993 /* TextFieldCell.swift in Sources */ = {isa = PBXBuildFile; fileRef = 8018A16E1DB5C9B300FEA993 /* TextFieldCell.swift */; };
		8018A1711DB5CA5D00FEA993 /* IntegerCell.swift in Sources */ = {isa = PBXBuildFile; fileRef = 8018A1701DB5CA5D00FEA993 /* IntegerCell.swift */; };
		8018A1731DB5CAA900FEA993 /* TextViewCell.swift in Sources */ = {isa = PBXBuildFile; fileRef = 8018A1721DB5CAA900FEA993 /* TextViewCell.swift */; };
		8018A1751DB5CB1600FEA993 /* DateCell.swift in Sources */ = {isa = PBXBuildFile; fileRef = 8018A1741DB5CB1600FEA993 /* DateCell.swift */; };
		8018A1771DB6690400FEA993 /* PhotoCell.swift in Sources */ = {isa = PBXBuildFile; fileRef = 8018A1761DB6690400FEA993 /* PhotoCell.swift */; };
		805539621E359EB300EDDAE0 /* heart.atlas in Resources */ = {isa = PBXBuildFile; fileRef = 805539611E359EB300EDDAE0 /* heart.atlas */; };
		805539641E35C1BE00EDDAE0 /* DeleteCell.swift in Sources */ = {isa = PBXBuildFile; fileRef = 805539631E35C1BE00EDDAE0 /* DeleteCell.swift */; };
		807326411DA1CC600082EC2E /* AppDelegate.swift in Sources */ = {isa = PBXBuildFile; fileRef = 807326401DA1CC600082EC2E /* AppDelegate.swift */; };
		807326481DA1CC600082EC2E /* Main.storyboard in Resources */ = {isa = PBXBuildFile; fileRef = 807326461DA1CC600082EC2E /* Main.storyboard */; };
		8073264D1DA1CC600082EC2E /* LaunchScreen.storyboard in Resources */ = {isa = PBXBuildFile; fileRef = 8073264B1DA1CC600082EC2E /* LaunchScreen.storyboard */; };
		807326581DA1CC600082EC2E /* Patient_RecordsTests.swift in Sources */ = {isa = PBXBuildFile; fileRef = 807326571DA1CC600082EC2E /* Patient_RecordsTests.swift */; };
		807326631DA1CC600082EC2E /* Patient_RecordsUITests.swift in Sources */ = {isa = PBXBuildFile; fileRef = 807326621DA1CC600082EC2E /* Patient_RecordsUITests.swift */; };
		807326711DA1CD970082EC2E /* SearchViewController.swift in Sources */ = {isa = PBXBuildFile; fileRef = 807326701DA1CD970082EC2E /* SearchViewController.swift */; };
		807326731DA1CDC00082EC2E /* HomeViewController.swift in Sources */ = {isa = PBXBuildFile; fileRef = 807326721DA1CDC00082EC2E /* HomeViewController.swift */; };
		807326751DA1CDD70082EC2E /* CreatePatientViewController.swift in Sources */ = {isa = PBXBuildFile; fileRef = 807326741DA1CDD70082EC2E /* CreatePatientViewController.swift */; };
		80761B1E1E35996D006D6D8B /* heart-actions.sks in Resources */ = {isa = PBXBuildFile; fileRef = 80761B1D1E35996D006D6D8B /* heart-actions.sks */; };
		808D122E1DB180090017E17D /* Assets.xcassets in Resources */ = {isa = PBXBuildFile; fileRef = 808D122D1DB180090017E17D /* Assets.xcassets */; };
		8091A14A1DA2ED9A00D0A541 /* CoreDataModel.xcdatamodeld in Sources */ = {isa = PBXBuildFile; fileRef = 8091A1481DA2ED9A00D0A541 /* CoreDataModel.xcdatamodeld */; };
		8091A14D1DA32E9E00D0A541 /* MessageUI.framework in Frameworks */ = {isa = PBXBuildFile; fileRef = 8091A14C1DA32E9E00D0A541 /* MessageUI.framework */; };
		8091A14F1DA44A9800D0A541 /* PatientRepository.swift in Sources */ = {isa = PBXBuildFile; fileRef = 8091A14E1DA44A9800D0A541 /* PatientRepository.swift */; };
		8091A1511DA4536B00D0A541 /* ServerSettings.swift in Sources */ = {isa = PBXBuildFile; fileRef = 8091A1501DA4536B00D0A541 /* ServerSettings.swift */; };
		80A36CD41DAD6B05003F223E /* HomeTableViewCell.swift in Sources */ = {isa = PBXBuildFile; fileRef = 80A36CD31DAD6B05003F223E /* HomeTableViewCell.swift */; };
		80A36CD61DAE7EFB003F223E /* LogoScene.sks in Resources */ = {isa = PBXBuildFile; fileRef = 80A36CD51DAE7EFB003F223E /* LogoScene.sks */; };
		80A36CD81DAE8445003F223E /* LogoView.swift in Sources */ = {isa = PBXBuildFile; fileRef = 80A36CD71DAE8445003F223E /* LogoView.swift */; };
		80E743541DA20DEF004898B8 /* NestableUIView.swift in Sources */ = {isa = PBXBuildFile; fileRef = 80E743531DA20DEF004898B8 /* NestableUIView.swift */; };
		80E743561DA29F76004898B8 /* SettingsViewController.swift in Sources */ = {isa = PBXBuildFile; fileRef = 80E743551DA29F76004898B8 /* SettingsViewController.swift */; };
		80EFC5A61DB7E5BA00A391A5 /* SocketAckEmitter.swift in Sources */ = {isa = PBXBuildFile; fileRef = 80EFC58E1DB7E5BA00A391A5 /* SocketAckEmitter.swift */; };
		80EFC5A71DB7E5BA00A391A5 /* SocketAckManager.swift in Sources */ = {isa = PBXBuildFile; fileRef = 80EFC58F1DB7E5BA00A391A5 /* SocketAckManager.swift */; };
		80EFC5A81DB7E5BA00A391A5 /* SocketAnyEvent.swift in Sources */ = {isa = PBXBuildFile; fileRef = 80EFC5901DB7E5BA00A391A5 /* SocketAnyEvent.swift */; };
		80EFC5A91DB7E5BA00A391A5 /* SocketClientManager.swift in Sources */ = {isa = PBXBuildFile; fileRef = 80EFC5911DB7E5BA00A391A5 /* SocketClientManager.swift */; };
		80EFC5AA1DB7E5BA00A391A5 /* SocketEngine.swift in Sources */ = {isa = PBXBuildFile; fileRef = 80EFC5921DB7E5BA00A391A5 /* SocketEngine.swift */; };
		80EFC5AB1DB7E5BA00A391A5 /* SocketEngineClient.swift in Sources */ = {isa = PBXBuildFile; fileRef = 80EFC5931DB7E5BA00A391A5 /* SocketEngineClient.swift */; };
		80EFC5AC1DB7E5BA00A391A5 /* SocketEnginePacketType.swift in Sources */ = {isa = PBXBuildFile; fileRef = 80EFC5941DB7E5BA00A391A5 /* SocketEnginePacketType.swift */; };
		80EFC5AD1DB7E5BA00A391A5 /* SocketEnginePollable.swift in Sources */ = {isa = PBXBuildFile; fileRef = 80EFC5951DB7E5BA00A391A5 /* SocketEnginePollable.swift */; };
		80EFC5AE1DB7E5BA00A391A5 /* SocketEngineSpec.swift in Sources */ = {isa = PBXBuildFile; fileRef = 80EFC5961DB7E5BA00A391A5 /* SocketEngineSpec.swift */; };
		80EFC5AF1DB7E5BA00A391A5 /* SocketEngineWebsocket.swift in Sources */ = {isa = PBXBuildFile; fileRef = 80EFC5971DB7E5BA00A391A5 /* SocketEngineWebsocket.swift */; };
		80EFC5B01DB7E5BA00A391A5 /* SocketEventHandler.swift in Sources */ = {isa = PBXBuildFile; fileRef = 80EFC5981DB7E5BA00A391A5 /* SocketEventHandler.swift */; };
		80EFC5B11DB7E5BA00A391A5 /* SocketExtensions.swift in Sources */ = {isa = PBXBuildFile; fileRef = 80EFC5991DB7E5BA00A391A5 /* SocketExtensions.swift */; };
		80EFC5B21DB7E5BA00A391A5 /* SocketIOClient.swift in Sources */ = {isa = PBXBuildFile; fileRef = 80EFC59A1DB7E5BA00A391A5 /* SocketIOClient.swift */; };
		80EFC5B31DB7E5BA00A391A5 /* SocketIOClientConfiguration.swift in Sources */ = {isa = PBXBuildFile; fileRef = 80EFC59B1DB7E5BA00A391A5 /* SocketIOClientConfiguration.swift */; };
		80EFC5B41DB7E5BA00A391A5 /* SocketIOClientOption.swift in Sources */ = {isa = PBXBuildFile; fileRef = 80EFC59C1DB7E5BA00A391A5 /* SocketIOClientOption.swift */; };
		80EFC5B51DB7E5BA00A391A5 /* SocketIOClientSpec.swift in Sources */ = {isa = PBXBuildFile; fileRef = 80EFC59D1DB7E5BA00A391A5 /* SocketIOClientSpec.swift */; };
		80EFC5B61DB7E5BA00A391A5 /* SocketIOClientStatus.swift in Sources */ = {isa = PBXBuildFile; fileRef = 80EFC59E1DB7E5BA00A391A5 /* SocketIOClientStatus.swift */; };
		80EFC5B71DB7E5BA00A391A5 /* SocketLogger.swift in Sources */ = {isa = PBXBuildFile; fileRef = 80EFC59F1DB7E5BA00A391A5 /* SocketLogger.swift */; };
		80EFC5B81DB7E5BA00A391A5 /* SocketPacket.swift in Sources */ = {isa = PBXBuildFile; fileRef = 80EFC5A01DB7E5BA00A391A5 /* SocketPacket.swift */; };
		80EFC5B91DB7E5BA00A391A5 /* SocketParsable.swift in Sources */ = {isa = PBXBuildFile; fileRef = 80EFC5A11DB7E5BA00A391A5 /* SocketParsable.swift */; };
		80EFC5BA1DB7E5BA00A391A5 /* SocketStringReader.swift in Sources */ = {isa = PBXBuildFile; fileRef = 80EFC5A21DB7E5BA00A391A5 /* SocketStringReader.swift */; };
		80EFC5BB1DB7E5BA00A391A5 /* SocketTypes.swift in Sources */ = {isa = PBXBuildFile; fileRef = 80EFC5A31DB7E5BA00A391A5 /* SocketTypes.swift */; };
		80EFC5BC1DB7E5BA00A391A5 /* SSLSecurity.swift in Sources */ = {isa = PBXBuildFile; fileRef = 80EFC5A41DB7E5BA00A391A5 /* SSLSecurity.swift */; };
		80EFC5BD1DB7E5BA00A391A5 /* WebSocket.swift in Sources */ = {isa = PBXBuildFile; fileRef = 80EFC5A51DB7E5BA00A391A5 /* WebSocket.swift */; };
/* End PBXBuildFile section */

/* Begin PBXContainerItemProxy section */
		8004CBE51E3EA57800124DF6 /* PBXContainerItemProxy */ = {
			isa = PBXContainerItemProxy;
			containerPortal = 8004CBDB1E3EA57700124DF6 /* SQLite.xcodeproj */;
			proxyType = 2;
			remoteGlobalIDString = EE247AD31C3F04ED00AE3E12;
			remoteInfo = "SQLite iOS";
		};
		8004CBE71E3EA57800124DF6 /* PBXContainerItemProxy */ = {
			isa = PBXContainerItemProxy;
			containerPortal = 8004CBDB1E3EA57700124DF6 /* SQLite.xcodeproj */;
			proxyType = 2;
			remoteGlobalIDString = EE247ADD1C3F04ED00AE3E12;
			remoteInfo = "SQLiteTests iOS";
		};
		8004CBE91E3EA57800124DF6 /* PBXContainerItemProxy */ = {
			isa = PBXContainerItemProxy;
			containerPortal = 8004CBDB1E3EA57700124DF6 /* SQLite.xcodeproj */;
			proxyType = 2;
			remoteGlobalIDString = EE247B3C1C3F3ED000AE3E12;
			remoteInfo = "SQLite Mac";
		};
		8004CBEB1E3EA57800124DF6 /* PBXContainerItemProxy */ = {
			isa = PBXContainerItemProxy;
			containerPortal = 8004CBDB1E3EA57700124DF6 /* SQLite.xcodeproj */;
			proxyType = 2;
			remoteGlobalIDString = EE247B451C3F3ED000AE3E12;
			remoteInfo = "SQLiteTests Mac";
		};
		8004CBED1E3EA57800124DF6 /* PBXContainerItemProxy */ = {
			isa = PBXContainerItemProxy;
			containerPortal = 8004CBDB1E3EA57700124DF6 /* SQLite.xcodeproj */;
			proxyType = 2;
			remoteGlobalIDString = 03A65E5A1C6BB0F50062603F;
			remoteInfo = "SQLite tvOS";
		};
		8004CBEF1E3EA57800124DF6 /* PBXContainerItemProxy */ = {
			isa = PBXContainerItemProxy;
			containerPortal = 8004CBDB1E3EA57700124DF6 /* SQLite.xcodeproj */;
			proxyType = 2;
			remoteGlobalIDString = 03A65E631C6BB0F60062603F;
			remoteInfo = "SQLiteTests tvOS";
		};
		8004CBF11E3EA57800124DF6 /* PBXContainerItemProxy */ = {
			isa = PBXContainerItemProxy;
			containerPortal = 8004CBDB1E3EA57700124DF6 /* SQLite.xcodeproj */;
			proxyType = 2;
			remoteGlobalIDString = A121AC451CA35C79005A31D1;
			remoteInfo = "SQLite watchOS";
		};
		8004CBFB1E3EEB9D00124DF6 /* PBXContainerItemProxy */ = {
			isa = PBXContainerItemProxy;
			containerPortal = 8004CBDB1E3EA57700124DF6 /* SQLite.xcodeproj */;
			proxyType = 1;
			remoteGlobalIDString = EE247AD21C3F04ED00AE3E12;
			remoteInfo = "SQLite iOS";
		};
		807326541DA1CC600082EC2E /* PBXContainerItemProxy */ = {
			isa = PBXContainerItemProxy;
			containerPortal = 807326351DA1CC600082EC2E /* Project object */;
			proxyType = 1;
			remoteGlobalIDString = 8073263C1DA1CC600082EC2E;
			remoteInfo = "Patient Records";
		};
		8073265F1DA1CC600082EC2E /* PBXContainerItemProxy */ = {
			isa = PBXContainerItemProxy;
			containerPortal = 807326351DA1CC600082EC2E /* Project object */;
			proxyType = 1;
			remoteGlobalIDString = 8073263C1DA1CC600082EC2E;
			remoteInfo = "Patient Records";
		};
/* End PBXContainerItemProxy section */

/* Begin PBXCopyFilesBuildPhase section */
		8004CBFD1E3EEB9D00124DF6 /* Embed Frameworks */ = {
			isa = PBXCopyFilesBuildPhase;
			buildActionMask = 2147483647;
			dstPath = "";
			dstSubfolderSpec = 10;
			files = (
				8004CBFA1E3EEB9D00124DF6 /* SQLite.framework in Embed Frameworks */,
			);
			name = "Embed Frameworks";
			runOnlyForDeploymentPostprocessing = 0;
		};
/* End PBXCopyFilesBuildPhase section */

/* Begin PBXFileReference section */
		8004CBBB1E3A947E00124DF6 /* CustomSearch.swift */ = {isa = PBXFileReference; fileEncoding = 4; lastKnownFileType = sourcecode.swift; path = CustomSearch.swift; sourceTree = "<group>"; };
		8004CBBD1E3D81A000124DF6 /* WristbandViewController.swift */ = {isa = PBXFileReference; fileEncoding = 4; lastKnownFileType = sourcecode.swift; path = WristbandViewController.swift; sourceTree = "<group>"; };
		8004CBBF1E3E60BD00124DF6 /* WristbandView.swift */ = {isa = PBXFileReference; fileEncoding = 4; lastKnownFileType = sourcecode.swift; path = WristbandView.swift; sourceTree = "<group>"; };
		8004CBC11E3EA41700124DF6 /* PatientRepositoryLocal.swift */ = {isa = PBXFileReference; fileEncoding = 4; lastKnownFileType = sourcecode.swift; path = PatientRepositoryLocal.swift; sourceTree = "<group>"; };
		8004CBDB1E3EA57700124DF6 /* SQLite.xcodeproj */ = {isa = PBXFileReference; lastKnownFileType = "wrapper.pb-project"; name = SQLite.xcodeproj; path = ../../SQLite.swift/SQLite.xcodeproj; sourceTree = "<group>"; };
		800960CA1E36C07A0095B16D /* IntroViewController.swift */ = {isa = PBXFileReference; fileEncoding = 4; lastKnownFileType = sourcecode.swift; name = IntroViewController.swift; path = ../IntroViewController.swift; sourceTree = "<group>"; };
		800960CC1E36C6D10095B16D /* SplitViewController.swift */ = {isa = PBXFileReference; fileEncoding = 4; lastKnownFileType = sourcecode.swift; path = SplitViewController.swift; sourceTree = "<group>"; };
		800960CE1E36D0830095B16D /* LargeLogoScene.sks */ = {isa = PBXFileReference; lastKnownFileType = file.sks; path = LargeLogoScene.sks; sourceTree = "<group>"; };
		8018A16A1DB5AC0B00FEA993 /* PatientAttributeSettings.swift */ = {isa = PBXFileReference; fileEncoding = 4; lastKnownFileType = sourcecode.swift; path = PatientAttributeSettings.swift; sourceTree = "<group>"; };
		8018A16C1DB5B03300FEA993 /* patient-attributes.json */ = {isa = PBXFileReference; fileEncoding = 4; lastKnownFileType = text.json; name = "patient-attributes.json"; path = "../../patient-attributes.json"; sourceTree = "<group>"; };
		8018A16E1DB5C9B300FEA993 /* TextFieldCell.swift */ = {isa = PBXFileReference; fileEncoding = 4; lastKnownFileType = sourcecode.swift; path = TextFieldCell.swift; sourceTree = "<group>"; };
		8018A1701DB5CA5D00FEA993 /* IntegerCell.swift */ = {isa = PBXFileReference; fileEncoding = 4; lastKnownFileType = sourcecode.swift; path = IntegerCell.swift; sourceTree = "<group>"; };
		8018A1721DB5CAA900FEA993 /* TextViewCell.swift */ = {isa = PBXFileReference; fileEncoding = 4; lastKnownFileType = sourcecode.swift; path = TextViewCell.swift; sourceTree = "<group>"; };
		8018A1741DB5CB1600FEA993 /* DateCell.swift */ = {isa = PBXFileReference; fileEncoding = 4; lastKnownFileType = sourcecode.swift; path = DateCell.swift; sourceTree = "<group>"; };
		8018A1761DB6690400FEA993 /* PhotoCell.swift */ = {isa = PBXFileReference; fileEncoding = 4; lastKnownFileType = sourcecode.swift; path = PhotoCell.swift; sourceTree = "<group>"; };
		805539611E359EB300EDDAE0 /* heart.atlas */ = {isa = PBXFileReference; lastKnownFileType = folder.skatlas; path = heart.atlas; sourceTree = "<group>"; };
		805539631E35C1BE00EDDAE0 /* DeleteCell.swift */ = {isa = PBXFileReference; fileEncoding = 4; lastKnownFileType = sourcecode.swift; path = DeleteCell.swift; sourceTree = "<group>"; };
		8073263D1DA1CC600082EC2E /* Patient Records.app */ = {isa = PBXFileReference; explicitFileType = wrapper.application; includeInIndex = 0; path = "Patient Records.app"; sourceTree = BUILT_PRODUCTS_DIR; };
		807326401DA1CC600082EC2E /* AppDelegate.swift */ = {isa = PBXFileReference; lastKnownFileType = sourcecode.swift; path = AppDelegate.swift; sourceTree = "<group>"; };
		807326471DA1CC600082EC2E /* Base */ = {isa = PBXFileReference; lastKnownFileType = file.storyboard; name = Base; path = Base.lproj/Main.storyboard; sourceTree = "<group>"; };
		8073264C1DA1CC600082EC2E /* Base */ = {isa = PBXFileReference; lastKnownFileType = file.storyboard; name = Base; path = Base.lproj/LaunchScreen.storyboard; sourceTree = "<group>"; };
		8073264E1DA1CC600082EC2E /* Info.plist */ = {isa = PBXFileReference; lastKnownFileType = text.plist.xml; path = Info.plist; sourceTree = "<group>"; };
		807326531DA1CC600082EC2E /* Patient RecordsTests.xctest */ = {isa = PBXFileReference; explicitFileType = wrapper.cfbundle; includeInIndex = 0; path = "Patient RecordsTests.xctest"; sourceTree = BUILT_PRODUCTS_DIR; };
		807326571DA1CC600082EC2E /* Patient_RecordsTests.swift */ = {isa = PBXFileReference; lastKnownFileType = sourcecode.swift; path = Patient_RecordsTests.swift; sourceTree = "<group>"; };
		807326591DA1CC600082EC2E /* Info.plist */ = {isa = PBXFileReference; lastKnownFileType = text.plist.xml; path = Info.plist; sourceTree = "<group>"; };
		8073265E1DA1CC600082EC2E /* Patient RecordsUITests.xctest */ = {isa = PBXFileReference; explicitFileType = wrapper.cfbundle; includeInIndex = 0; path = "Patient RecordsUITests.xctest"; sourceTree = BUILT_PRODUCTS_DIR; };
		807326621DA1CC600082EC2E /* Patient_RecordsUITests.swift */ = {isa = PBXFileReference; lastKnownFileType = sourcecode.swift; path = Patient_RecordsUITests.swift; sourceTree = "<group>"; };
		807326641DA1CC600082EC2E /* Info.plist */ = {isa = PBXFileReference; lastKnownFileType = text.plist.xml; path = Info.plist; sourceTree = "<group>"; };
		807326701DA1CD970082EC2E /* SearchViewController.swift */ = {isa = PBXFileReference; fileEncoding = 4; lastKnownFileType = sourcecode.swift; path = SearchViewController.swift; sourceTree = "<group>"; };
		807326721DA1CDC00082EC2E /* HomeViewController.swift */ = {isa = PBXFileReference; fileEncoding = 4; lastKnownFileType = sourcecode.swift; path = HomeViewController.swift; sourceTree = "<group>"; };
		807326741DA1CDD70082EC2E /* CreatePatientViewController.swift */ = {isa = PBXFileReference; fileEncoding = 4; lastKnownFileType = sourcecode.swift; path = CreatePatientViewController.swift; sourceTree = "<group>"; };
		80761B1D1E35996D006D6D8B /* heart-actions.sks */ = {isa = PBXFileReference; lastKnownFileType = file.sks; name = "heart-actions.sks"; path = "../heart-actions.sks"; sourceTree = "<group>"; };
		808D122D1DB180090017E17D /* Assets.xcassets */ = {isa = PBXFileReference; lastKnownFileType = folder.assetcatalog; path = Assets.xcassets; sourceTree = "<group>"; };
		8091A1491DA2ED9A00D0A541 /* CoreDataModel.xcdatamodel */ = {isa = PBXFileReference; lastKnownFileType = wrapper.xcdatamodel; path = CoreDataModel.xcdatamodel; sourceTree = "<group>"; };
		8091A14C1DA32E9E00D0A541 /* MessageUI.framework */ = {isa = PBXFileReference; lastKnownFileType = wrapper.framework; name = MessageUI.framework; path = System/Library/Frameworks/MessageUI.framework; sourceTree = SDKROOT; };
		8091A14E1DA44A9800D0A541 /* PatientRepository.swift */ = {isa = PBXFileReference; fileEncoding = 4; lastKnownFileType = sourcecode.swift; name = PatientRepository.swift; path = ../PatientRepository.swift; sourceTree = "<group>"; };
		8091A1501DA4536B00D0A541 /* ServerSettings.swift */ = {isa = PBXFileReference; fileEncoding = 4; lastKnownFileType = sourcecode.swift; name = ServerSettings.swift; path = ../ServerSettings.swift; sourceTree = "<group>"; };
		80A36CD31DAD6B05003F223E /* HomeTableViewCell.swift */ = {isa = PBXFileReference; fileEncoding = 4; lastKnownFileType = sourcecode.swift; path = HomeTableViewCell.swift; sourceTree = "<group>"; };
		80A36CD51DAE7EFB003F223E /* LogoScene.sks */ = {isa = PBXFileReference; lastKnownFileType = file.sks; path = LogoScene.sks; sourceTree = "<group>"; };
		80A36CD71DAE8445003F223E /* LogoView.swift */ = {isa = PBXFileReference; fileEncoding = 4; lastKnownFileType = sourcecode.swift; path = LogoView.swift; sourceTree = "<group>"; };
		80E743531DA20DEF004898B8 /* NestableUIView.swift */ = {isa = PBXFileReference; fileEncoding = 4; lastKnownFileType = sourcecode.swift; path = NestableUIView.swift; sourceTree = "<group>"; };
		80E743551DA29F76004898B8 /* SettingsViewController.swift */ = {isa = PBXFileReference; fileEncoding = 4; lastKnownFileType = sourcecode.swift; path = SettingsViewController.swift; sourceTree = "<group>"; };
		80EFC58E1DB7E5BA00A391A5 /* SocketAckEmitter.swift */ = {isa = PBXFileReference; fileEncoding = 4; lastKnownFileType = sourcecode.swift; path = SocketAckEmitter.swift; sourceTree = "<group>"; };
		80EFC58F1DB7E5BA00A391A5 /* SocketAckManager.swift */ = {isa = PBXFileReference; fileEncoding = 4; lastKnownFileType = sourcecode.swift; path = SocketAckManager.swift; sourceTree = "<group>"; };
		80EFC5901DB7E5BA00A391A5 /* SocketAnyEvent.swift */ = {isa = PBXFileReference; fileEncoding = 4; lastKnownFileType = sourcecode.swift; path = SocketAnyEvent.swift; sourceTree = "<group>"; };
		80EFC5911DB7E5BA00A391A5 /* SocketClientManager.swift */ = {isa = PBXFileReference; fileEncoding = 4; lastKnownFileType = sourcecode.swift; path = SocketClientManager.swift; sourceTree = "<group>"; };
		80EFC5921DB7E5BA00A391A5 /* SocketEngine.swift */ = {isa = PBXFileReference; fileEncoding = 4; lastKnownFileType = sourcecode.swift; path = SocketEngine.swift; sourceTree = "<group>"; };
		80EFC5931DB7E5BA00A391A5 /* SocketEngineClient.swift */ = {isa = PBXFileReference; fileEncoding = 4; lastKnownFileType = sourcecode.swift; path = SocketEngineClient.swift; sourceTree = "<group>"; };
		80EFC5941DB7E5BA00A391A5 /* SocketEnginePacketType.swift */ = {isa = PBXFileReference; fileEncoding = 4; lastKnownFileType = sourcecode.swift; path = SocketEnginePacketType.swift; sourceTree = "<group>"; };
		80EFC5951DB7E5BA00A391A5 /* SocketEnginePollable.swift */ = {isa = PBXFileReference; fileEncoding = 4; lastKnownFileType = sourcecode.swift; path = SocketEnginePollable.swift; sourceTree = "<group>"; };
		80EFC5961DB7E5BA00A391A5 /* SocketEngineSpec.swift */ = {isa = PBXFileReference; fileEncoding = 4; lastKnownFileType = sourcecode.swift; path = SocketEngineSpec.swift; sourceTree = "<group>"; };
		80EFC5971DB7E5BA00A391A5 /* SocketEngineWebsocket.swift */ = {isa = PBXFileReference; fileEncoding = 4; lastKnownFileType = sourcecode.swift; path = SocketEngineWebsocket.swift; sourceTree = "<group>"; };
		80EFC5981DB7E5BA00A391A5 /* SocketEventHandler.swift */ = {isa = PBXFileReference; fileEncoding = 4; lastKnownFileType = sourcecode.swift; path = SocketEventHandler.swift; sourceTree = "<group>"; };
		80EFC5991DB7E5BA00A391A5 /* SocketExtensions.swift */ = {isa = PBXFileReference; fileEncoding = 4; lastKnownFileType = sourcecode.swift; path = SocketExtensions.swift; sourceTree = "<group>"; };
		80EFC59A1DB7E5BA00A391A5 /* SocketIOClient.swift */ = {isa = PBXFileReference; fileEncoding = 4; lastKnownFileType = sourcecode.swift; path = SocketIOClient.swift; sourceTree = "<group>"; };
		80EFC59B1DB7E5BA00A391A5 /* SocketIOClientConfiguration.swift */ = {isa = PBXFileReference; fileEncoding = 4; lastKnownFileType = sourcecode.swift; path = SocketIOClientConfiguration.swift; sourceTree = "<group>"; };
		80EFC59C1DB7E5BA00A391A5 /* SocketIOClientOption.swift */ = {isa = PBXFileReference; fileEncoding = 4; lastKnownFileType = sourcecode.swift; path = SocketIOClientOption.swift; sourceTree = "<group>"; };
		80EFC59D1DB7E5BA00A391A5 /* SocketIOClientSpec.swift */ = {isa = PBXFileReference; fileEncoding = 4; lastKnownFileType = sourcecode.swift; path = SocketIOClientSpec.swift; sourceTree = "<group>"; };
		80EFC59E1DB7E5BA00A391A5 /* SocketIOClientStatus.swift */ = {isa = PBXFileReference; fileEncoding = 4; lastKnownFileType = sourcecode.swift; path = SocketIOClientStatus.swift; sourceTree = "<group>"; };
		80EFC59F1DB7E5BA00A391A5 /* SocketLogger.swift */ = {isa = PBXFileReference; fileEncoding = 4; lastKnownFileType = sourcecode.swift; path = SocketLogger.swift; sourceTree = "<group>"; };
		80EFC5A01DB7E5BA00A391A5 /* SocketPacket.swift */ = {isa = PBXFileReference; fileEncoding = 4; lastKnownFileType = sourcecode.swift; path = SocketPacket.swift; sourceTree = "<group>"; };
		80EFC5A11DB7E5BA00A391A5 /* SocketParsable.swift */ = {isa = PBXFileReference; fileEncoding = 4; lastKnownFileType = sourcecode.swift; path = SocketParsable.swift; sourceTree = "<group>"; };
		80EFC5A21DB7E5BA00A391A5 /* SocketStringReader.swift */ = {isa = PBXFileReference; fileEncoding = 4; lastKnownFileType = sourcecode.swift; path = SocketStringReader.swift; sourceTree = "<group>"; };
		80EFC5A31DB7E5BA00A391A5 /* SocketTypes.swift */ = {isa = PBXFileReference; fileEncoding = 4; lastKnownFileType = sourcecode.swift; path = SocketTypes.swift; sourceTree = "<group>"; };
		80EFC5A41DB7E5BA00A391A5 /* SSLSecurity.swift */ = {isa = PBXFileReference; fileEncoding = 4; lastKnownFileType = sourcecode.swift; path = SSLSecurity.swift; sourceTree = "<group>"; };
		80EFC5A51DB7E5BA00A391A5 /* WebSocket.swift */ = {isa = PBXFileReference; fileEncoding = 4; lastKnownFileType = sourcecode.swift; path = WebSocket.swift; sourceTree = "<group>"; };
/* End PBXFileReference section */

/* Begin PBXFrameworksBuildPhase section */
		8073263A1DA1CC600082EC2E /* Frameworks */ = {
			isa = PBXFrameworksBuildPhase;
			buildActionMask = 2147483647;
			files = (
				8004CBF31E3EA5A200124DF6 /* SQLite.framework in Frameworks */,
				8091A14D1DA32E9E00D0A541 /* MessageUI.framework in Frameworks */,
				8004CBF91E3EEB9D00124DF6 /* SQLite.framework in Frameworks */,
			);
			runOnlyForDeploymentPostprocessing = 0;
		};
		807326501DA1CC600082EC2E /* Frameworks */ = {
			isa = PBXFrameworksBuildPhase;
			buildActionMask = 2147483647;
			files = (
			);
			runOnlyForDeploymentPostprocessing = 0;
		};
		8073265B1DA1CC600082EC2E /* Frameworks */ = {
			isa = PBXFrameworksBuildPhase;
			buildActionMask = 2147483647;
			files = (
			);
			runOnlyForDeploymentPostprocessing = 0;
		};
/* End PBXFrameworksBuildPhase section */

/* Begin PBXGroup section */
		8004CBDC1E3EA57700124DF6 /* Products */ = {
			isa = PBXGroup;
			children = (
				8004CBE61E3EA57800124DF6 /* SQLite.framework */,
				8004CBE81E3EA57800124DF6 /* SQLiteTests iOS.xctest */,
				8004CBEA1E3EA57800124DF6 /* SQLite.framework */,
				8004CBEC1E3EA57800124DF6 /* SQLiteTests Mac.xctest */,
				8004CBEE1E3EA57800124DF6 /* SQLite.framework */,
				8004CBF01E3EA57800124DF6 /* SQLiteTests tvOS.xctest */,
				8004CBF21E3EA57800124DF6 /* SQLite.framework */,
			);
			name = Products;
			sourceTree = "<group>";
		};
		807326341DA1CC600082EC2E = {
			isa = PBXGroup;
			children = (
				80EFC58D1DB7E5BA00A391A5 /* Source */,
				8073263F1DA1CC600082EC2E /* Patient Records */,
				807326561DA1CC600082EC2E /* Patient RecordsTests */,
				807326611DA1CC600082EC2E /* Patient RecordsUITests */,
				8073263E1DA1CC600082EC2E /* Products */,
				8004CBDB1E3EA57700124DF6 /* SQLite.xcodeproj */,
				8091A14B1DA32E9E00D0A541 /* Frameworks */,
			);
			sourceTree = "<group>";
		};
		8073263E1DA1CC600082EC2E /* Products */ = {
			isa = PBXGroup;
			children = (
				8073263D1DA1CC600082EC2E /* Patient Records.app */,
				807326531DA1CC600082EC2E /* Patient RecordsTests.xctest */,
				8073265E1DA1CC600082EC2E /* Patient RecordsUITests.xctest */,
			);
			name = Products;
			sourceTree = "<group>";
		};
		8073263F1DA1CC600082EC2E /* Patient Records */ = {
			isa = PBXGroup;
			children = (
				805539611E359EB300EDDAE0 /* heart.atlas */,
				8018A16E1DB5C9B300FEA993 /* TextFieldCell.swift */,
				807326401DA1CC600082EC2E /* AppDelegate.swift */,
				8091A1481DA2ED9A00D0A541 /* CoreDataModel.xcdatamodeld */,
				807326461DA1CC600082EC2E /* Main.storyboard */,
				8073264B1DA1CC600082EC2E /* LaunchScreen.storyboard */,
				808D122D1DB180090017E17D /* Assets.xcassets */,
				8018A16C1DB5B03300FEA993 /* patient-attributes.json */,
				8073264E1DA1CC600082EC2E /* Info.plist */,
				808D122C1DB17EA90017E17D /* data */,
				808D122B1DB17E7C0017E17D /* views */,
				808D122A1DB17E520017E17D /* viewControllers */,
			);
			path = "Patient Records";
			sourceTree = "<group>";
		};
		807326561DA1CC600082EC2E /* Patient RecordsTests */ = {
			isa = PBXGroup;
			children = (
				807326571DA1CC600082EC2E /* Patient_RecordsTests.swift */,
				807326591DA1CC600082EC2E /* Info.plist */,
			);
			path = "Patient RecordsTests";
			sourceTree = "<group>";
		};
		807326611DA1CC600082EC2E /* Patient RecordsUITests */ = {
			isa = PBXGroup;
			children = (
				807326621DA1CC600082EC2E /* Patient_RecordsUITests.swift */,
				807326641DA1CC600082EC2E /* Info.plist */,
			);
			path = "Patient RecordsUITests";
			sourceTree = "<group>";
		};
		808D122A1DB17E520017E17D /* viewControllers */ = {
			isa = PBXGroup;
			children = (
				800960CA1E36C07A0095B16D /* IntroViewController.swift */,
				800960CC1E36C6D10095B16D /* SplitViewController.swift */,
				807326721DA1CDC00082EC2E /* HomeViewController.swift */,
				8004CBBB1E3A947E00124DF6 /* CustomSearch.swift */,
				807326741DA1CDD70082EC2E /* CreatePatientViewController.swift */,
				807326701DA1CD970082EC2E /* SearchViewController.swift */,
				8004CBBD1E3D81A000124DF6 /* WristbandViewController.swift */,
				80E743551DA29F76004898B8 /* SettingsViewController.swift */,
			);
			name = viewControllers;
			sourceTree = "<group>";
		};
		808D122B1DB17E7C0017E17D /* views */ = {
			isa = PBXGroup;
			children = (
				80A36CD51DAE7EFB003F223E /* LogoScene.sks */,
				800960CE1E36D0830095B16D /* LargeLogoScene.sks */,
				80761B1D1E35996D006D6D8B /* heart-actions.sks */,
				80A36CD31DAD6B05003F223E /* HomeTableViewCell.swift */,
				8018A1701DB5CA5D00FEA993 /* IntegerCell.swift */,
				8018A1721DB5CAA900FEA993 /* TextViewCell.swift */,
				8018A1741DB5CB1600FEA993 /* DateCell.swift */,
				805539631E35C1BE00EDDAE0 /* DeleteCell.swift */,
				8018A1761DB6690400FEA993 /* PhotoCell.swift */,
				80E743531DA20DEF004898B8 /* NestableUIView.swift */,
				80A36CD71DAE8445003F223E /* LogoView.swift */,
				8004CBBF1E3E60BD00124DF6 /* WristbandView.swift */,
			);
			name = views;
			sourceTree = "<group>";
		};
		808D122C1DB17EA90017E17D /* data */ = {
			isa = PBXGroup;
			children = (
				8091A14E1DA44A9800D0A541 /* PatientRepository.swift */,
				8004CBC11E3EA41700124DF6 /* PatientRepositoryLocal.swift */,
				8091A1501DA4536B00D0A541 /* ServerSettings.swift */,
				8018A16A1DB5AC0B00FEA993 /* PatientAttributeSettings.swift */,
			);
			name = data;
			sourceTree = "<group>";
		};
		8091A14B1DA32E9E00D0A541 /* Frameworks */ = {
			isa = PBXGroup;
			children = (
				8091A14C1DA32E9E00D0A541 /* MessageUI.framework */,
			);
			name = Frameworks;
			sourceTree = "<group>";
		};
		80EFC58D1DB7E5BA00A391A5 /* Source */ = {
			isa = PBXGroup;
			children = (
				80EFC58E1DB7E5BA00A391A5 /* SocketAckEmitter.swift */,
				80EFC58F1DB7E5BA00A391A5 /* SocketAckManager.swift */,
				80EFC5901DB7E5BA00A391A5 /* SocketAnyEvent.swift */,
				80EFC5911DB7E5BA00A391A5 /* SocketClientManager.swift */,
				80EFC5921DB7E5BA00A391A5 /* SocketEngine.swift */,
				80EFC5931DB7E5BA00A391A5 /* SocketEngineClient.swift */,
				80EFC5941DB7E5BA00A391A5 /* SocketEnginePacketType.swift */,
				80EFC5951DB7E5BA00A391A5 /* SocketEnginePollable.swift */,
				80EFC5961DB7E5BA00A391A5 /* SocketEngineSpec.swift */,
				80EFC5971DB7E5BA00A391A5 /* SocketEngineWebsocket.swift */,
				80EFC5981DB7E5BA00A391A5 /* SocketEventHandler.swift */,
				80EFC5991DB7E5BA00A391A5 /* SocketExtensions.swift */,
				80EFC59A1DB7E5BA00A391A5 /* SocketIOClient.swift */,
				80EFC59B1DB7E5BA00A391A5 /* SocketIOClientConfiguration.swift */,
				80EFC59C1DB7E5BA00A391A5 /* SocketIOClientOption.swift */,
				80EFC59D1DB7E5BA00A391A5 /* SocketIOClientSpec.swift */,
				80EFC59E1DB7E5BA00A391A5 /* SocketIOClientStatus.swift */,
				80EFC59F1DB7E5BA00A391A5 /* SocketLogger.swift */,
				80EFC5A01DB7E5BA00A391A5 /* SocketPacket.swift */,
				80EFC5A11DB7E5BA00A391A5 /* SocketParsable.swift */,
				80EFC5A21DB7E5BA00A391A5 /* SocketStringReader.swift */,
				80EFC5A31DB7E5BA00A391A5 /* SocketTypes.swift */,
				80EFC5A41DB7E5BA00A391A5 /* SSLSecurity.swift */,
				80EFC5A51DB7E5BA00A391A5 /* WebSocket.swift */,
			);
			path = Source;
			sourceTree = "<group>";
		};
/* End PBXGroup section */

/* Begin PBXNativeTarget section */
		8073263C1DA1CC600082EC2E /* Patient Records */ = {
			isa = PBXNativeTarget;
			buildConfigurationList = 807326671DA1CC600082EC2E /* Build configuration list for PBXNativeTarget "Patient Records" */;
			buildPhases = (
				807326391DA1CC600082EC2E /* Sources */,
				8073263A1DA1CC600082EC2E /* Frameworks */,
				8073263B1DA1CC600082EC2E /* Resources */,
				8004CBFD1E3EEB9D00124DF6 /* Embed Frameworks */,
			);
			buildRules = (
			);
			dependencies = (
				8004CBFC1E3EEB9D00124DF6 /* PBXTargetDependency */,
			);
			name = "Patient Records";
			productName = "Patient Records";
			productReference = 8073263D1DA1CC600082EC2E /* Patient Records.app */;
			productType = "com.apple.product-type.application";
		};
		807326521DA1CC600082EC2E /* Patient RecordsTests */ = {
			isa = PBXNativeTarget;
			buildConfigurationList = 8073266A1DA1CC600082EC2E /* Build configuration list for PBXNativeTarget "Patient RecordsTests" */;
			buildPhases = (
				8073264F1DA1CC600082EC2E /* Sources */,
				807326501DA1CC600082EC2E /* Frameworks */,
				807326511DA1CC600082EC2E /* Resources */,
			);
			buildRules = (
			);
			dependencies = (
				807326551DA1CC600082EC2E /* PBXTargetDependency */,
			);
			name = "Patient RecordsTests";
			productName = "Patient RecordsTests";
			productReference = 807326531DA1CC600082EC2E /* Patient RecordsTests.xctest */;
			productType = "com.apple.product-type.bundle.unit-test";
		};
		8073265D1DA1CC600082EC2E /* Patient RecordsUITests */ = {
			isa = PBXNativeTarget;
			buildConfigurationList = 8073266D1DA1CC600082EC2E /* Build configuration list for PBXNativeTarget "Patient RecordsUITests" */;
			buildPhases = (
				8073265A1DA1CC600082EC2E /* Sources */,
				8073265B1DA1CC600082EC2E /* Frameworks */,
				8073265C1DA1CC600082EC2E /* Resources */,
			);
			buildRules = (
			);
			dependencies = (
				807326601DA1CC600082EC2E /* PBXTargetDependency */,
			);
			name = "Patient RecordsUITests";
			productName = "Patient RecordsUITests";
			productReference = 8073265E1DA1CC600082EC2E /* Patient RecordsUITests.xctest */;
			productType = "com.apple.product-type.bundle.ui-testing";
		};
/* End PBXNativeTarget section */

/* Begin PBXProject section */
		807326351DA1CC600082EC2E /* Project object */ = {
			isa = PBXProject;
			attributes = {
				LastSwiftUpdateCheck = 0800;
				LastUpgradeCheck = 0810;
				ORGANIZATIONNAME = "Lukas Valinevaline";
				TargetAttributes = {
					8073263C1DA1CC600082EC2E = {
						CreatedOnToolsVersion = 8.0;
						DevelopmentTeam = 6KLWRX98B4;
						ProvisioningStyle = Automatic;
					};
					807326521DA1CC600082EC2E = {
						CreatedOnToolsVersion = 8.0;
						DevelopmentTeam = 6KLWRX98B4;
						ProvisioningStyle = Automatic;
						TestTargetID = 8073263C1DA1CC600082EC2E;
					};
					8073265D1DA1CC600082EC2E = {
						CreatedOnToolsVersion = 8.0;
						DevelopmentTeam = 6KLWRX98B4;
						ProvisioningStyle = Automatic;
						TestTargetID = 8073263C1DA1CC600082EC2E;
					};
				};
			};
			buildConfigurationList = 807326381DA1CC600082EC2E /* Build configuration list for PBXProject "Patient Records" */;
			compatibilityVersion = "Xcode 3.2";
			developmentRegion = English;
			hasScannedForEncodings = 0;
			knownRegions = (
				en,
				Base,
			);
			mainGroup = 807326341DA1CC600082EC2E;
			productRefGroup = 8073263E1DA1CC600082EC2E /* Products */;
			projectDirPath = "";
			projectReferences = (
				{
					ProductGroup = 8004CBDC1E3EA57700124DF6 /* Products */;
					ProjectRef = 8004CBDB1E3EA57700124DF6 /* SQLite.xcodeproj */;
				},
			);
			projectRoot = "";
			targets = (
				8073263C1DA1CC600082EC2E /* Patient Records */,
				807326521DA1CC600082EC2E /* Patient RecordsTests */,
				8073265D1DA1CC600082EC2E /* Patient RecordsUITests */,
			);
		};
/* End PBXProject section */

/* Begin PBXReferenceProxy section */
		8004CBE61E3EA57800124DF6 /* SQLite.framework */ = {
			isa = PBXReferenceProxy;
			fileType = wrapper.framework;
			path = SQLite.framework;
			remoteRef = 8004CBE51E3EA57800124DF6 /* PBXContainerItemProxy */;
			sourceTree = BUILT_PRODUCTS_DIR;
		};
		8004CBE81E3EA57800124DF6 /* SQLiteTests iOS.xctest */ = {
			isa = PBXReferenceProxy;
			fileType = wrapper.cfbundle;
			path = "SQLiteTests iOS.xctest";
			remoteRef = 8004CBE71E3EA57800124DF6 /* PBXContainerItemProxy */;
			sourceTree = BUILT_PRODUCTS_DIR;
		};
		8004CBEA1E3EA57800124DF6 /* SQLite.framework */ = {
			isa = PBXReferenceProxy;
			fileType = wrapper.framework;
			path = SQLite.framework;
			remoteRef = 8004CBE91E3EA57800124DF6 /* PBXContainerItemProxy */;
			sourceTree = BUILT_PRODUCTS_DIR;
		};
		8004CBEC1E3EA57800124DF6 /* SQLiteTests Mac.xctest */ = {
			isa = PBXReferenceProxy;
			fileType = wrapper.cfbundle;
			path = "SQLiteTests Mac.xctest";
			remoteRef = 8004CBEB1E3EA57800124DF6 /* PBXContainerItemProxy */;
			sourceTree = BUILT_PRODUCTS_DIR;
		};
		8004CBEE1E3EA57800124DF6 /* SQLite.framework */ = {
			isa = PBXReferenceProxy;
			fileType = wrapper.framework;
			path = SQLite.framework;
			remoteRef = 8004CBED1E3EA57800124DF6 /* PBXContainerItemProxy */;
			sourceTree = BUILT_PRODUCTS_DIR;
		};
		8004CBF01E3EA57800124DF6 /* SQLiteTests tvOS.xctest */ = {
			isa = PBXReferenceProxy;
			fileType = wrapper.cfbundle;
			path = "SQLiteTests tvOS.xctest";
			remoteRef = 8004CBEF1E3EA57800124DF6 /* PBXContainerItemProxy */;
			sourceTree = BUILT_PRODUCTS_DIR;
		};
		8004CBF21E3EA57800124DF6 /* SQLite.framework */ = {
			isa = PBXReferenceProxy;
			fileType = wrapper.framework;
			path = SQLite.framework;
			remoteRef = 8004CBF11E3EA57800124DF6 /* PBXContainerItemProxy */;
			sourceTree = BUILT_PRODUCTS_DIR;
		};
/* End PBXReferenceProxy section */

/* Begin PBXResourcesBuildPhase section */
		8073263B1DA1CC600082EC2E /* Resources */ = {
			isa = PBXResourcesBuildPhase;
			buildActionMask = 2147483647;
			files = (
				8073264D1DA1CC600082EC2E /* LaunchScreen.storyboard in Resources */,
				80A36CD61DAE7EFB003F223E /* LogoScene.sks in Resources */,
				80761B1E1E35996D006D6D8B /* heart-actions.sks in Resources */,
				800960CF1E36D0830095B16D /* LargeLogoScene.sks in Resources */,
				808D122E1DB180090017E17D /* Assets.xcassets in Resources */,
				805539621E359EB300EDDAE0 /* heart.atlas in Resources */,
				807326481DA1CC600082EC2E /* Main.storyboard in Resources */,
				8018A16D1DB5B03300FEA993 /* patient-attributes.json in Resources */,
			);
			runOnlyForDeploymentPostprocessing = 0;
		};
		807326511DA1CC600082EC2E /* Resources */ = {
			isa = PBXResourcesBuildPhase;
			buildActionMask = 2147483647;
			files = (
			);
			runOnlyForDeploymentPostprocessing = 0;
		};
		8073265C1DA1CC600082EC2E /* Resources */ = {
			isa = PBXResourcesBuildPhase;
			buildActionMask = 2147483647;
			files = (
			);
			runOnlyForDeploymentPostprocessing = 0;
		};
/* End PBXResourcesBuildPhase section */

/* Begin PBXSourcesBuildPhase section */
		807326391DA1CC600082EC2E /* Sources */ = {
			isa = PBXSourcesBuildPhase;
			buildActionMask = 2147483647;
			files = (
				8018A1711DB5CA5D00FEA993 /* IntegerCell.swift in Sources */,
				8091A14A1DA2ED9A00D0A541 /* CoreDataModel.xcdatamodeld in Sources */,
				80EFC5AD1DB7E5BA00A391A5 /* SocketEnginePollable.swift in Sources */,
				80EFC5A91DB7E5BA00A391A5 /* SocketClientManager.swift in Sources */,
				80EFC5B01DB7E5BA00A391A5 /* SocketEventHandler.swift in Sources */,
				8004CBBE1E3D81A000124DF6 /* WristbandViewController.swift in Sources */,
				8004CBC01E3E60BD00124DF6 /* WristbandView.swift in Sources */,
				80EFC5A71DB7E5BA00A391A5 /* SocketAckManager.swift in Sources */,
				80EFC5BC1DB7E5BA00A391A5 /* SSLSecurity.swift in Sources */,
				807326731DA1CDC00082EC2E /* HomeViewController.swift in Sources */,
				80EFC5A61DB7E5BA00A391A5 /* SocketAckEmitter.swift in Sources */,
				80EFC5BA1DB7E5BA00A391A5 /* SocketStringReader.swift in Sources */,
				80A36CD81DAE8445003F223E /* LogoView.swift in Sources */,
				80EFC5B11DB7E5BA00A391A5 /* SocketExtensions.swift in Sources */,
				807326751DA1CDD70082EC2E /* CreatePatientViewController.swift in Sources */,
				80EFC5B71DB7E5BA00A391A5 /* SocketLogger.swift in Sources */,
				8018A1771DB6690400FEA993 /* PhotoCell.swift in Sources */,
				8091A1511DA4536B00D0A541 /* ServerSettings.swift in Sources */,
				805539641E35C1BE00EDDAE0 /* DeleteCell.swift in Sources */,
				807326411DA1CC600082EC2E /* AppDelegate.swift in Sources */,
				800960CB1E36C07A0095B16D /* IntroViewController.swift in Sources */,
				80EFC5B41DB7E5BA00A391A5 /* SocketIOClientOption.swift in Sources */,
				80EFC5A81DB7E5BA00A391A5 /* SocketAnyEvent.swift in Sources */,
				80EFC5B21DB7E5BA00A391A5 /* SocketIOClient.swift in Sources */,
				80EFC5AB1DB7E5BA00A391A5 /* SocketEngineClient.swift in Sources */,
				80EFC5AA1DB7E5BA00A391A5 /* SocketEngine.swift in Sources */,
				80EFC5BD1DB7E5BA00A391A5 /* WebSocket.swift in Sources */,
				80EFC5AF1DB7E5BA00A391A5 /* SocketEngineWebsocket.swift in Sources */,
				80EFC5BB1DB7E5BA00A391A5 /* SocketTypes.swift in Sources */,
				80EFC5AE1DB7E5BA00A391A5 /* SocketEngineSpec.swift in Sources */,
				8018A1751DB5CB1600FEA993 /* DateCell.swift in Sources */,
				80EFC5B51DB7E5BA00A391A5 /* SocketIOClientSpec.swift in Sources */,
				807326711DA1CD970082EC2E /* SearchViewController.swift in Sources */,
				8004CBBC1E3A947E00124DF6 /* CustomSearch.swift in Sources */,
				80EFC5AC1DB7E5BA00A391A5 /* SocketEnginePacketType.swift in Sources */,
				8018A16F1DB5C9B300FEA993 /* TextFieldCell.swift in Sources */,
				80EFC5B31DB7E5BA00A391A5 /* SocketIOClientConfiguration.swift in Sources */,
				80A36CD41DAD6B05003F223E /* HomeTableViewCell.swift in Sources */,
				800960CD1E36C6D10095B16D /* SplitViewController.swift in Sources */,
				8004CBC21E3EA41700124DF6 /* PatientRepositoryLocal.swift in Sources */,
				80E743541DA20DEF004898B8 /* NestableUIView.swift in Sources */,
				80EFC5B61DB7E5BA00A391A5 /* SocketIOClientStatus.swift in Sources */,
				80E743561DA29F76004898B8 /* SettingsViewController.swift in Sources */,
				8018A1731DB5CAA900FEA993 /* TextViewCell.swift in Sources */,
				8091A14F1DA44A9800D0A541 /* PatientRepository.swift in Sources */,
				80EFC5B91DB7E5BA00A391A5 /* SocketParsable.swift in Sources */,
				80EFC5B81DB7E5BA00A391A5 /* SocketPacket.swift in Sources */,
				8018A16B1DB5AC0B00FEA993 /* PatientAttributeSettings.swift in Sources */,
			);
			runOnlyForDeploymentPostprocessing = 0;
		};
		8073264F1DA1CC600082EC2E /* Sources */ = {
			isa = PBXSourcesBuildPhase;
			buildActionMask = 2147483647;
			files = (
				807326581DA1CC600082EC2E /* Patient_RecordsTests.swift in Sources */,
			);
			runOnlyForDeploymentPostprocessing = 0;
		};
		8073265A1DA1CC600082EC2E /* Sources */ = {
			isa = PBXSourcesBuildPhase;
			buildActionMask = 2147483647;
			files = (
				807326631DA1CC600082EC2E /* Patient_RecordsUITests.swift in Sources */,
			);
			runOnlyForDeploymentPostprocessing = 0;
		};
/* End PBXSourcesBuildPhase section */

/* Begin PBXTargetDependency section */
		8004CBFC1E3EEB9D00124DF6 /* PBXTargetDependency */ = {
			isa = PBXTargetDependency;
			name = "SQLite iOS";
			targetProxy = 8004CBFB1E3EEB9D00124DF6 /* PBXContainerItemProxy */;
		};
		807326551DA1CC600082EC2E /* PBXTargetDependency */ = {
			isa = PBXTargetDependency;
			target = 8073263C1DA1CC600082EC2E /* Patient Records */;
			targetProxy = 807326541DA1CC600082EC2E /* PBXContainerItemProxy */;
		};
		807326601DA1CC600082EC2E /* PBXTargetDependency */ = {
			isa = PBXTargetDependency;
			target = 8073263C1DA1CC600082EC2E /* Patient Records */;
			targetProxy = 8073265F1DA1CC600082EC2E /* PBXContainerItemProxy */;
		};
/* End PBXTargetDependency section */

/* Begin PBXVariantGroup section */
		807326461DA1CC600082EC2E /* Main.storyboard */ = {
			isa = PBXVariantGroup;
			children = (
				807326471DA1CC600082EC2E /* Base */,
			);
			name = Main.storyboard;
			sourceTree = "<group>";
		};
		8073264B1DA1CC600082EC2E /* LaunchScreen.storyboard */ = {
			isa = PBXVariantGroup;
			children = (
				8073264C1DA1CC600082EC2E /* Base */,
			);
			name = LaunchScreen.storyboard;
			sourceTree = "<group>";
		};
/* End PBXVariantGroup section */

/* Begin XCBuildConfiguration section */
		807326651DA1CC600082EC2E /* Debug */ = {
			isa = XCBuildConfiguration;
			buildSettings = {
				ALWAYS_SEARCH_USER_PATHS = NO;
				CLANG_ANALYZER_NONNULL = YES;
				CLANG_CXX_LANGUAGE_STANDARD = "gnu++0x";
				CLANG_CXX_LIBRARY = "libc++";
				CLANG_ENABLE_MODULES = YES;
				CLANG_ENABLE_OBJC_ARC = YES;
				CLANG_WARN_BOOL_CONVERSION = YES;
				CLANG_WARN_CONSTANT_CONVERSION = YES;
				CLANG_WARN_DIRECT_OBJC_ISA_USAGE = YES_ERROR;
				CLANG_WARN_DOCUMENTATION_COMMENTS = YES;
				CLANG_WARN_EMPTY_BODY = YES;
				CLANG_WARN_ENUM_CONVERSION = YES;
				CLANG_WARN_INFINITE_RECURSION = YES;
				CLANG_WARN_INT_CONVERSION = YES;
				CLANG_WARN_OBJC_ROOT_CLASS = YES_ERROR;
				CLANG_WARN_SUSPICIOUS_MOVE = YES;
				CLANG_WARN_SUSPICIOUS_MOVES = YES;
				CLANG_WARN_UNREACHABLE_CODE = YES;
				CLANG_WARN__DUPLICATE_METHOD_MATCH = YES;
				"CODE_SIGN_IDENTITY[sdk=iphoneos*]" = "iPhone Developer";
				COPY_PHASE_STRIP = NO;
				DEBUG_INFORMATION_FORMAT = dwarf;
				ENABLE_STRICT_OBJC_MSGSEND = YES;
				ENABLE_TESTABILITY = YES;
				GCC_C_LANGUAGE_STANDARD = gnu99;
				GCC_DYNAMIC_NO_PIC = NO;
				GCC_NO_COMMON_BLOCKS = YES;
				GCC_OPTIMIZATION_LEVEL = 0;
				GCC_PREPROCESSOR_DEFINITIONS = (
					"DEBUG=1",
					"$(inherited)",
				);
				GCC_WARN_64_TO_32_BIT_CONVERSION = YES;
				GCC_WARN_ABOUT_RETURN_TYPE = YES_ERROR;
				GCC_WARN_UNDECLARED_SELECTOR = YES;
				GCC_WARN_UNINITIALIZED_AUTOS = YES_AGGRESSIVE;
				GCC_WARN_UNUSED_FUNCTION = YES;
				GCC_WARN_UNUSED_VARIABLE = YES;
				IPHONEOS_DEPLOYMENT_TARGET = 10.0;
				MTL_ENABLE_DEBUG_INFO = YES;
				ONLY_ACTIVE_ARCH = YES;
				SDKROOT = iphoneos;
				SWIFT_ACTIVE_COMPILATION_CONDITIONS = DEBUG;
				SWIFT_OPTIMIZATION_LEVEL = "-Onone";
				TARGETED_DEVICE_FAMILY = "1,2";
			};
			name = Debug;
		};
		807326661DA1CC600082EC2E /* Release */ = {
			isa = XCBuildConfiguration;
			buildSettings = {
				ALWAYS_SEARCH_USER_PATHS = NO;
				CLANG_ANALYZER_NONNULL = YES;
				CLANG_CXX_LANGUAGE_STANDARD = "gnu++0x";
				CLANG_CXX_LIBRARY = "libc++";
				CLANG_ENABLE_MODULES = YES;
				CLANG_ENABLE_OBJC_ARC = YES;
				CLANG_WARN_BOOL_CONVERSION = YES;
				CLANG_WARN_CONSTANT_CONVERSION = YES;
				CLANG_WARN_DIRECT_OBJC_ISA_USAGE = YES_ERROR;
				CLANG_WARN_DOCUMENTATION_COMMENTS = YES;
				CLANG_WARN_EMPTY_BODY = YES;
				CLANG_WARN_ENUM_CONVERSION = YES;
				CLANG_WARN_INFINITE_RECURSION = YES;
				CLANG_WARN_INT_CONVERSION = YES;
				CLANG_WARN_OBJC_ROOT_CLASS = YES_ERROR;
				CLANG_WARN_SUSPICIOUS_MOVE = YES;
				CLANG_WARN_SUSPICIOUS_MOVES = YES;
				CLANG_WARN_UNREACHABLE_CODE = YES;
				CLANG_WARN__DUPLICATE_METHOD_MATCH = YES;
				"CODE_SIGN_IDENTITY[sdk=iphoneos*]" = "iPhone Developer";
				COPY_PHASE_STRIP = NO;
				DEBUG_INFORMATION_FORMAT = "dwarf-with-dsym";
				ENABLE_NS_ASSERTIONS = NO;
				ENABLE_STRICT_OBJC_MSGSEND = YES;
				GCC_C_LANGUAGE_STANDARD = gnu99;
				GCC_NO_COMMON_BLOCKS = YES;
				GCC_WARN_64_TO_32_BIT_CONVERSION = YES;
				GCC_WARN_ABOUT_RETURN_TYPE = YES_ERROR;
				GCC_WARN_UNDECLARED_SELECTOR = YES;
				GCC_WARN_UNINITIALIZED_AUTOS = YES_AGGRESSIVE;
				GCC_WARN_UNUSED_FUNCTION = YES;
				GCC_WARN_UNUSED_VARIABLE = YES;
				IPHONEOS_DEPLOYMENT_TARGET = 10.0;
				MTL_ENABLE_DEBUG_INFO = NO;
				SDKROOT = iphoneos;
				SWIFT_OPTIMIZATION_LEVEL = "-Owholemodule";
				TARGETED_DEVICE_FAMILY = "1,2";
				VALIDATE_PRODUCT = YES;
			};
			name = Release;
		};
		807326681DA1CC600082EC2E /* Debug */ = {
			isa = XCBuildConfiguration;
			buildSettings = {
				ALWAYS_EMBED_SWIFT_STANDARD_LIBRARIES = YES;
				ASSETCATALOG_COMPILER_APPICON_NAME = AppIcon;
				DEVELOPMENT_TEAM = 6KLWRX98B4;
				INFOPLIST_FILE = "Patient Records/Info.plist";
				IPHONEOS_DEPLOYMENT_TARGET = 8.4;
				LD_RUNPATH_SEARCH_PATHS = "$(inherited) @executable_path/Frameworks";
				PRODUCT_BUNDLE_IDENTIFIER = "valine.Patient-Records";
				PRODUCT_NAME = "$(TARGET_NAME)";
				SWIFT_VERSION = 3.0;
			};
			name = Debug;
		};
		807326691DA1CC600082EC2E /* Release */ = {
			isa = XCBuildConfiguration;
			buildSettings = {
				ALWAYS_EMBED_SWIFT_STANDARD_LIBRARIES = YES;
				ASSETCATALOG_COMPILER_APPICON_NAME = AppIcon;
				DEVELOPMENT_TEAM = 6KLWRX98B4;
				INFOPLIST_FILE = "Patient Records/Info.plist";
				IPHONEOS_DEPLOYMENT_TARGET = 8.4;
				LD_RUNPATH_SEARCH_PATHS = "$(inherited) @executable_path/Frameworks";
				PRODUCT_BUNDLE_IDENTIFIER = "valine.Patient-Records";
				PRODUCT_NAME = "$(TARGET_NAME)";
				SWIFT_VERSION = 3.0;
			};
			name = Release;
		};
		8073266B1DA1CC600082EC2E /* Debug */ = {
			isa = XCBuildConfiguration;
			buildSettings = {
				ALWAYS_EMBED_SWIFT_STANDARD_LIBRARIES = YES;
				BUNDLE_LOADER = "$(TEST_HOST)";
				DEVELOPMENT_TEAM = 6KLWRX98B4;
				INFOPLIST_FILE = "Patient RecordsTests/Info.plist";
				LD_RUNPATH_SEARCH_PATHS = "$(inherited) @executable_path/Frameworks @loader_path/Frameworks";
				PRODUCT_BUNDLE_IDENTIFIER = "valine.Patient-RecordsTests";
				PRODUCT_NAME = "$(TARGET_NAME)";
				SWIFT_VERSION = 3.0;
				TEST_HOST = "$(BUILT_PRODUCTS_DIR)/Patient Records.app/Patient Records";
			};
			name = Debug;
		};
		8073266C1DA1CC600082EC2E /* Release */ = {
			isa = XCBuildConfiguration;
			buildSettings = {
				ALWAYS_EMBED_SWIFT_STANDARD_LIBRARIES = YES;
				BUNDLE_LOADER = "$(TEST_HOST)";
				DEVELOPMENT_TEAM = 6KLWRX98B4;
				INFOPLIST_FILE = "Patient RecordsTests/Info.plist";
				LD_RUNPATH_SEARCH_PATHS = "$(inherited) @executable_path/Frameworks @loader_path/Frameworks";
				PRODUCT_BUNDLE_IDENTIFIER = "valine.Patient-RecordsTests";
				PRODUCT_NAME = "$(TARGET_NAME)";
				SWIFT_VERSION = 3.0;
				TEST_HOST = "$(BUILT_PRODUCTS_DIR)/Patient Records.app/Patient Records";
			};
			name = Release;
		};
		8073266E1DA1CC600082EC2E /* Debug */ = {
			isa = XCBuildConfiguration;
			buildSettings = {
				ALWAYS_EMBED_SWIFT_STANDARD_LIBRARIES = YES;
				DEVELOPMENT_TEAM = 6KLWRX98B4;
				INFOPLIST_FILE = "Patient RecordsUITests/Info.plist";
				LD_RUNPATH_SEARCH_PATHS = "$(inherited) @executable_path/Frameworks @loader_path/Frameworks";
				PRODUCT_BUNDLE_IDENTIFIER = "valine.Patient-RecordsUITests";
				PRODUCT_NAME = "$(TARGET_NAME)";
				SWIFT_VERSION = 3.0;
				TEST_TARGET_NAME = "Patient Records";
			};
			name = Debug;
		};
		8073266F1DA1CC600082EC2E /* Release */ = {
			isa = XCBuildConfiguration;
			buildSettings = {
				ALWAYS_EMBED_SWIFT_STANDARD_LIBRARIES = YES;
				DEVELOPMENT_TEAM = 6KLWRX98B4;
				INFOPLIST_FILE = "Patient RecordsUITests/Info.plist";
				LD_RUNPATH_SEARCH_PATHS = "$(inherited) @executable_path/Frameworks @loader_path/Frameworks";
				PRODUCT_BUNDLE_IDENTIFIER = "valine.Patient-RecordsUITests";
				PRODUCT_NAME = "$(TARGET_NAME)";
				SWIFT_VERSION = 3.0;
				TEST_TARGET_NAME = "Patient Records";
			};
			name = Release;
		};
/* End XCBuildConfiguration section */

/* Begin XCConfigurationList section */
		807326381DA1CC600082EC2E /* Build configuration list for PBXProject "Patient Records" */ = {
			isa = XCConfigurationList;
			buildConfigurations = (
				807326651DA1CC600082EC2E /* Debug */,
				807326661DA1CC600082EC2E /* Release */,
			);
			defaultConfigurationIsVisible = 0;
			defaultConfigurationName = Release;
		};
		807326671DA1CC600082EC2E /* Build configuration list for PBXNativeTarget "Patient Records" */ = {
			isa = XCConfigurationList;
			buildConfigurations = (
				807326681DA1CC600082EC2E /* Debug */,
				807326691DA1CC600082EC2E /* Release */,
			);
			defaultConfigurationIsVisible = 0;
			defaultConfigurationName = Release;
		};
		8073266A1DA1CC600082EC2E /* Build configuration list for PBXNativeTarget "Patient RecordsTests" */ = {
			isa = XCConfigurationList;
			buildConfigurations = (
				8073266B1DA1CC600082EC2E /* Debug */,
				8073266C1DA1CC600082EC2E /* Release */,
			);
			defaultConfigurationIsVisible = 0;
			defaultConfigurationName = Release;
		};
		8073266D1DA1CC600082EC2E /* Build configuration list for PBXNativeTarget "Patient RecordsUITests" */ = {
			isa = XCConfigurationList;
			buildConfigurations = (
				8073266E1DA1CC600082EC2E /* Debug */,
				8073266F1DA1CC600082EC2E /* Release */,
			);
			defaultConfigurationIsVisible = 0;
			defaultConfigurationName = Release;
		};
/* End XCConfigurationList section */

/* Begin XCVersionGroup section */
		8091A1481DA2ED9A00D0A541 /* CoreDataModel.xcdatamodeld */ = {
			isa = XCVersionGroup;
			children = (
				8091A1491DA2ED9A00D0A541 /* CoreDataModel.xcdatamodel */,
			);
			currentVersion = 8091A1491DA2ED9A00D0A541 /* CoreDataModel.xcdatamodel */;
			name = CoreDataModel.xcdatamodeld;
			path = ../CoreDataModel.xcdatamodeld;
			sourceTree = "<group>";
			versionGroupType = wrapper.xcdatamodel;
		};
/* End XCVersionGroup section */
	};
	rootObject = 807326351DA1CC600082EC2E /* Project object */;
}
